
Microsoft Visual Studio Solution File, Format Version 12.00
# Visual Studio Version 17
VisualStudioVersion = 17.11.35327.3
MinimumVisualStudioVersion = 10.0.40219.1
Project("{FAE04EC0-301F-11D3-BF4B-00C04F79EFBC}") = "SuperMarket", "SuperMarket\SuperMarket.csproj", "{0F5286FD-A3F2-4C27-9A9E-F28D09E876D6}"
EndProject
Global
	GlobalSection(SolutionConfigurationPlatforms) = preSolution
		Debug|Any CPU = Debug|Any CPU
		Release|Any CPU = Release|Any CPU
	EndGlobalSection
	GlobalSection(ProjectConfigurationPlatforms) = postSolution
		{0F5286FD-A3F2-4C27-9A9E-F28D09E876D6}.Debug|Any CPU.ActiveCfg = Debug|Any CPU
		{0F5286FD-A3F2-4C27-9A9E-F28D09E876D6}.Debug|Any CPU.Build.0 = Debug|Any CPU
		{0F5286FD-A3F2-4C27-9A9E-F28D09E876D6}.Release|Any CPU.ActiveCfg = Release|Any CPU
		{0F5286FD-A3F2-4C27-9A9E-F28D09E876D6}.Release|Any CPU.Build.0 = Release|Any CPU
	EndGlobalSection
	GlobalSection(SolutionProperties) = preSolution
		HideSolutionNode = FALSE
	EndGlobalSection
	GlobalSection(ExtensibilityGlobals) = postSolution
		SolutionGuid = {0C4896C2-F2BA-4081-9DDC-AA536C8E4EE8}
	EndGlobalSection
EndGlobal
